// !$*UTF8*$!
{
	archiveVersion = 1;
	classes = {
	};
	objectVersion = 50;
	objects = {

/* Begin PBXBuildFile section */
		1865FB3225CABC1600A8265F /* CoreDateTutorialApp.swift in Sources */ = {isa = PBXBuildFile; fileRef = 1865FB3125CABC1600A8265F /* CoreDateTutorialApp.swift */; };
		1865FB3425CABC1600A8265F /* ContentView.swift in Sources */ = {isa = PBXBuildFile; fileRef = 1865FB3325CABC1600A8265F /* ContentView.swift */; };
		1865FB3625CABC1700A8265F /* Assets.xcassets in Resources */ = {isa = PBXBuildFile; fileRef = 1865FB3525CABC1700A8265F /* Assets.xcassets */; };
		1865FB3925CABC1700A8265F /* Preview Assets.xcassets in Resources */ = {isa = PBXBuildFile; fileRef = 1865FB3825CABC1700A8265F /* Preview Assets.xcassets */; };
		1865FB3B25CABC1700A8265F /* Persistence.swift in Sources */ = {isa = PBXBuildFile; fileRef = 1865FB3A25CABC1700A8265F /* Persistence.swift */; };
		1865FB3E25CABC1700A8265F /* CoreDateTutorial.xcdatamodeld in Sources */ = {isa = PBXBuildFile; fileRef = 1865FB3C25CABC1700A8265F /* CoreDateTutorial.xcdatamodeld */; };
/* End PBXBuildFile section */

/* Begin PBXFileReference section */
		1865FB2E25CABC1600A8265F /* CoreDateTutorial.app */ = {isa = PBXFileReference; explicitFileType = wrapper.application; includeInIndex = 0; path = CoreDateTutorial.app; sourceTree = BUILT_PRODUCTS_DIR; };
		1865FB3125CABC1600A8265F /* CoreDateTutorialApp.swift */ = {isa = PBXFileReference; lastKnownFileType = sourcecode.swift; path = CoreDateTutorialApp.swift; sourceTree = "<group>"; };
		1865FB3325CABC1600A8265F /* ContentView.swift */ = {isa = PBXFileReference; lastKnownFileType = sourcecode.swift; path = ContentView.swift; sourceTree = "<group>"; };
		1865FB3525CABC1700A8265F /* Assets.xcassets */ = {isa = PBXFileReference; lastKnownFileType = folder.assetcatalog; path = Assets.xcassets; sourceTree = "<group>"; };
		1865FB3825CABC1700A8265F /* Preview Assets.xcassets */ = {isa = PBXFileReference; lastKnownFileType = folder.assetcatalog; path = "Preview Assets.xcassets"; sourceTree = "<group>"; };
		1865FB3A25CABC1700A8265F /* Persistence.swift */ = {isa = PBXFileReference; lastKnownFileType = sourcecode.swift; path = Persistence.swift; sourceTree = "<group>"; };
		1865FB3D25CABC1700A8265F /* CoreDateTutorial.xcdatamodel */ = {isa = PBXFileReference; lastKnownFileType = wrapper.xcdatamodel; path = CoreDateTutorial.xcdatamodel; sourceTree = "<group>"; };
		1865FB3F25CABC1700A8265F /* Info.plist */ = {isa = PBXFileReference; lastKnownFileType = text.plist.xml; path = Info.plist; sourceTree = "<group>"; };
/* End PBXFileReference section */

/* Begin PBXFrameworksBuildPhase section */
		1865FB2B25CABC1600A8265F /* Frameworks */ = {
			isa = PBXFrameworksBuildPhase;
			buildActionMask = 2147483647;
			files = (
			);
			runOnlyForDeploymentPostprocessing = 0;
		};
/* End PBXFrameworksBuildPhase section */

/* Begin PBXGroup section */
		1865FB2525CABC1600A8265F = {
			isa = PBXGroup;
			children = (
				1865FB3025CABC1600A8265F /* CoreDateTutorial */,
				1865FB2F25CABC1600A8265F /* Products */,
			);
			sourceTree = "<group>";
		};
		1865FB2F25CABC1600A8265F /* Products */ = {
			isa = PBXGroup;
			children = (
				1865FB2E25CABC1600A8265F /* CoreDateTutorial.app */,
			);
			name = Products;
			sourceTree = "<group>";
		};
		1865FB3025CABC1600A8265F /* CoreDateTutorial */ = {
			isa = PBXGroup;
			children = (
				1865FB3125CABC1600A8265F /* CoreDateTutorialApp.swift */,
				1865FB3325CABC1600A8265F /* ContentView.swift */,
				1865FB3525CABC1700A8265F /* Assets.xcassets */,
				1865FB3A25CABC1700A8265F /* Persistence.swift */,
				1865FB3F25CABC1700A8265F /* Info.plist */,
				1865FB3C25CABC1700A8265F /* CoreDateTutorial.xcdatamodeld */,
				1865FB3725CABC1700A8265F /* Preview Content */,
			);
			path = CoreDateTutorial;
			sourceTree = "<group>";
		};
		1865FB3725CABC1700A8265F /* Preview Content */ = {
			isa = PBXGroup;
			children = (
				1865FB3825CABC1700A8265F /* Preview Assets.xcassets */,
			);
			path = "Preview Content";
			sourceTree = "<group>";
		};
/* End PBXGroup section */

/* Begin PBXNativeTarget section */
		1865FB2D25CABC1600A8265F /* CoreDateTutorial */ = {
			isa = PBXNativeTarget;
			buildConfigurationList = 1865FB4225CABC1700A8265F /* Build configuration list for PBXNativeTarget "CoreDateTutorial" */;
			buildPhases = (
				1865FB2A25CABC1600A8265F /* Sources */,
				1865FB2B25CABC1600A8265F /* Frameworks */,
				1865FB2C25CABC1600A8265F /* Resources */,
			);
			buildRules = (
			);
			dependencies = (
			);
			name = CoreDateTutorial;
			productName = CoreDateTutorial;
			productReference = 1865FB2E25CABC1600A8265F /* CoreDateTutorial.app */;
			productType = "com.apple.product-type.application";
		};
/* End PBXNativeTarget section */

/* Begin PBXProject section */
		1865FB2625CABC1600A8265F /* Project object */ = {
			isa = PBXProject;
			attributes = {
				LastSwiftUpdateCheck = 1240;
				LastUpgradeCheck = 1240;
				TargetAttributes = {
					1865FB2D25CABC1600A8265F = {
						CreatedOnToolsVersion = 12.4;
					};
				};
			};
			buildConfigurationList = 1865FB2925CABC1600A8265F /* Build configuration list for PBXProject "CoreDateTutorial" */;
			compatibilityVersion = "Xcode 9.3";
			developmentRegion = en;
			hasScannedForEncodings = 0;
			knownRegions = (
				en,
				Base,
			);
			mainGroup = 1865FB2525CABC1600A8265F;
			productRefGroup = 1865FB2F25CABC1600A8265F /* Products */;
			projectDirPath = "";
			projectRoot = "";
			targets = (
				1865FB2D25CABC1600A8265F /* CoreDateTutorial */,
			);
		};
/* End PBXProject section */

/* Begin PBXResourcesBuildPhase section */
		1865FB2C25CABC1600A8265F /* Resources */ = {
			isa = PBXResourcesBuildPhase;
			buildActionMask = 2147483647;
			files = (
				1865FB3925CABC1700A8265F /* Preview Assets.xcassets in Resources */,
				1865FB3625CABC1700A8265F /* Assets.xcassets in Resources */,
			);
			runOnlyForDeploymentPostprocessing = 0;
		};
/* End PBXResourcesBuildPhase section */

/* Begin PBXSourcesBuildPhase section */
		1865FB2A25CABC1600A8265F /* Sources */ = {
			isa = PBXSourcesBuildPhase;
			buildActionMask = 2147483647;
			files = (
				1865FB3E25CABC1700A8265F /* CoreDateTutorial.xcdatamodeld in Sources */,
				1865FB3B25CABC1700A8265F /* Persistence.swift in Sources */,
				1865FB3425CABC1600A8265F /* ContentView.swift in Sources */,
				1865FB3225CABC1600A8265F /* CoreDateTutorialApp.swift in Sources */,
			);
			runOnlyForDeploymentPostprocessing = 0;
		};
/* End PBXSourcesBuildPhase section */

/* Begin XCBuildConfiguration section */
		1865FB4025CABC1700A8265F /* Debug */ = {
			isa = XCBuildConfiguration;
			buildSettings = {
				ALWAYS_SEARCH_USER_PATHS = NO;
				CLANG_ANALYZER_NONNULL = YES;
				CLANG_ANALYZER_NUMBER_OBJECT_CONVERSION = YES_AGGRESSIVE;
				CLANG_CXX_LANGUAGE_STANDARD = "gnu++14";
				CLANG_CXX_LIBRARY = "libc++";
				CLANG_ENABLE_MODULES = YES;
				CLANG_ENABLE_OBJC_ARC = YES;
				CLANG_ENABLE_OBJC_WEAK = YES;
				CLANG_WARN_BLOCK_CAPTURE_AUTORELEASING = YES;
				CLANG_WARN_BOOL_CONVERSION = YES;
				CLANG_WARN_COMMA = YES;
				CLANG_WARN_CONSTANT_CONVERSION = YES;
				CLANG_WARN_DEPRECATED_OBJC_IMPLEMENTATIONS = YES;
				CLANG_WARN_DIRECT_OBJC_ISA_USAGE = YES_ERROR;
				CLANG_WARN_DOCUMENTATION_COMMENTS = YES;
				CLANG_WARN_EMPTY_BODY = YES;
				CLANG_WARN_ENUM_CONVERSION = YES;
				CLANG_WARN_INFINITE_RECURSION = YES;
				CLANG_WARN_INT_CONVERSION = YES;
				CLANG_WARN_NON_LITERAL_NULL_CONVERSION = YES;
				CLANG_WARN_OBJC_IMPLICIT_RETAIN_SELF = YES;
				CLANG_WARN_OBJC_LITERAL_CONVERSION = YES;
				CLANG_WARN_OBJC_ROOT_CLASS = YES_ERROR;
				CLANG_WARN_QUOTED_INCLUDE_IN_FRAMEWORK_HEADER = YES;
				CLANG_WARN_RANGE_LOOP_ANALYSIS = YES;
				CLANG_WARN_STRICT_PROTOTYPES = YES;
				CLANG_WARN_SUSPICIOUS_MOVE = YES;
				CLANG_WARN_UNGUARDED_AVAILABILITY = YES_AGGRESSIVE;
				CLANG_WARN_UNREACHABLE_CODE = YES;
				CLANG_WARN__DUPLICATE_METHOD_MATCH = YES;
				COPY_PHASE_STRIP = NO;
				DEBUG_INFORMATION_FORMAT = dwarf;
				ENABLE_STRICT_OBJC_MSGSEND = YES;
				ENABLE_TESTABILITY = YES;
				GCC_C_LANGUAGE_STANDARD = gnu11;
				GCC_DYNAMIC_NO_PIC = NO;
				GCC_NO_COMMON_BLOCKS = YES;
				GCC_OPTIMIZATION_LEVEL = 0;
				GCC_PREPROCESSOR_DEFINITIONS = (
					"DEBUG=1",
					"$(inherited)",
				);
				GCC_WARN_64_TO_32_BIT_CONVERSION = YES;
				GCC_WARN_ABOUT_RETURN_TYPE = YES_ERROR;
				GCC_WARN_UNDECLARED_SELECTOR = YES;
				GCC_WARN_UNINITIALIZED_AUTOS = YES_AGGRESSIVE;
				GCC_WARN_UNUSED_FUNCTION = YES;
				GCC_WARN_UNUSED_VARIABLE = YES;
				IPHONEOS_DEPLOYMENT_TARGET = 14.4;
				MTL_ENABLE_DEBUG_INFO = INCLUDE_SOURCE;
				MTL_FAST_MATH = YES;
				ONLY_ACTIVE_ARCH = YES;
				SDKROOT = iphoneos;
				SWIFT_ACTIVE_COMPILATION_CONDITIONS = DEBUG;
				SWIFT_OPTIMIZATION_LEVEL = "-Onone";
			};
			name = Debug;
		};
		1865FB4125CABC1700A8265F /* Release */ = {
			isa = XCBuildConfiguration;
			buildSettings = {
				ALWAYS_SEARCH_USER_PATHS = NO;
				CLANG_ANALYZER_NONNULL = YES;
				CLANG_ANALYZER_NUMBER_OBJECT_CONVERSION = YES_AGGRESSIVE;
				CLANG_CXX_LANGUAGE_STANDARD = "gnu++14";
				CLANG_CXX_LIBRARY = "libc++";
				CLANG_ENABLE_MODULES = YES;
				CLANG_ENABLE_OBJC_ARC = YES;
				CLANG_ENABLE_OBJC_WEAK = YES;
				CLANG_WARN_BLOCK_CAPTURE_AUTORELEASING = YES;
				CLANG_WARN_BOOL_CONVERSION = YES;
				CLANG_WARN_COMMA = YES;
				CLANG_WARN_CONSTANT_CONVERSION = YES;
				CLANG_WARN_DEPRECATED_OBJC_IMPLEMENTATIONS = YES;
				CLANG_WARN_DIRECT_OBJC_ISA_USAGE = YES_ERROR;
				CLANG_WARN_DOCUMENTATION_COMMENTS = YES;
				CLANG_WARN_EMPTY_BODY = YES;
				CLANG_WARN_ENUM_CONVERSION = YES;
				CLANG_WARN_INFINITE_RECURSION = YES;
				CLANG_WARN_INT_CONVERSION = YES;
				CLANG_WARN_NON_LITERAL_NULL_CONVERSION = YES;
				CLANG_WARN_OBJC_IMPLICIT_RETAIN_SELF = YES;
				CLANG_WARN_OBJC_LITERAL_CONVERSION = YES;
				CLANG_WARN_OBJC_ROOT_CLASS = YES_ERROR;
				CLANG_WARN_QUOTED_INCLUDE_IN_FRAMEWORK_HEADER = YES;
				CLANG_WARN_RANGE_LOOP_ANALYSIS = YES;
				CLANG_WARN_STRICT_PROTOTYPES = YES;
				CLANG_WARN_SUSPICIOUS_MOVE = YES;
				CLANG_WARN_UNGUARDED_AVAILABILITY = YES_AGGRESSIVE;
				CLANG_WARN_UNREACHABLE_CODE = YES;
				CLANG_WARN__DUPLICATE_METHOD_MATCH = YES;
				COPY_PHASE_STRIP = NO;
				DEBUG_INFORMATION_FORMAT = "dwarf-with-dsym";
				ENABLE_NS_ASSERTIONS = NO;
				ENABLE_STRICT_OBJC_MSGSEND = YES;
				GCC_C_LANGUAGE_STANDARD = gnu11;
				GCC_NO_COMMON_BLOCKS = YES;
				GCC_WARN_64_TO_32_BIT_CONVERSION = YES;
				GCC_WARN_ABOUT_RETURN_TYPE = YES_ERROR;
				GCC_WARN_UNDECLARED_SELECTOR = YES;
				GCC_WARN_UNINITIALIZED_AUTOS = YES_AGGRESSIVE;
				GCC_WARN_UNUSED_FUNCTION = YES;
				GCC_WARN_UNUSED_VARIABLE = YES;
				IPHONEOS_DEPLOYMENT_TARGET = 14.4;
				MTL_ENABLE_DEBUG_INFO = NO;
				MTL_FAST_MATH = YES;
				SDKROOT = iphoneos;
				SWIFT_COMPILATION_MODE = wholemodule;
				SWIFT_OPTIMIZATION_LEVEL = "-O";
				VALIDATE_PRODUCT = YES;
			};
			name = Release;
		};
		1865FB4325CABC1700A8265F /* Debug */ = {
			isa = XCBuildConfiguration;
			buildSettings = {
				ASSETCATALOG_COMPILER_APPICON_NAME = AppIcon;
				ASSETCATALOG_COMPILER_GLOBAL_ACCENT_COLOR_NAME = AccentColor;
				CODE_SIGN_STYLE = Automatic;
				DEVELOPMENT_ASSET_PATHS = "\"CoreDateTutorial/Preview Content\"";
				ENABLE_PREVIEWS = YES;
				INFOPLIST_FILE = CoreDateTutorial/Info.plist;
				IPHONEOS_DEPLOYMENT_TARGET = 14.0;
				LD_RUNPATH_SEARCH_PATHS = (
					"$(inherited)",
					"@executable_path/Frameworks",
				);
				PRODUCT_BUNDLE_IDENTIFIER = kr.kimdohyun.CoreDateTutorial;
				PRODUCT_NAME = "$(TARGET_NAME)";
				SWIFT_VERSION = 5.0;
				TARGETED_DEVICE_FAMILY = "1,2";
			};
			name = Debug;
		};
		1865FB4425CABC1700A8265F /* Release */ = {
			isa = XCBuildConfiguration;
			buildSettings = {
				ASSETCATALOG_COMPILER_APPICON_NAME = AppIcon;
				ASSETCATALOG_COMPILER_GLOBAL_ACCENT_COLOR_NAME = AccentColor;
				CODE_SIGN_STYLE = Automatic;
				DEVELOPMENT_ASSET_PATHS = "\"CoreDateTutorial/Preview Content\"";
				ENABLE_PREVIEWS = YES;
				INFOPLIST_FILE = CoreDateTutorial/Info.plist;
				IPHONEOS_DEPLOYMENT_TARGET = 14.0;
				LD_RUNPATH_SEARCH_PATHS = (
					"$(inherited)",
					"@executable_path/Frameworks",
				);
				PRODUCT_BUNDLE_IDENTIFIER = kr.kimdohyun.CoreDateTutorial;
				PRODUCT_NAME = "$(TARGET_NAME)";
				SWIFT_VERSION = 5.0;
				TARGETED_DEVICE_FAMILY = "1,2";
			};
			name = Release;
		};
/* End XCBuildConfiguration section */

/* Begin XCConfigurationList section */
		1865FB2925CABC1600A8265F /* Build configuration list for PBXProject "CoreDateTutorial" */ = {
			isa = XCConfigurationList;
			buildConfigurations = (
				1865FB4025CABC1700A8265F /* Debug */,
				1865FB4125CABC1700A8265F /* Release */,
			);
			defaultConfigurationIsVisible = 0;
			defaultConfigurationName = Release;
		};
		1865FB4225CABC1700A8265F /* Build configuration list for PBXNativeTarget "CoreDateTutorial" */ = {
			isa = XCConfigurationList;
			buildConfigurations = (
				1865FB4325CABC1700A8265F /* Debug */,
				1865FB4425CABC1700A8265F /* Release */,
			);
			defaultConfigurationIsVisible = 0;
			defaultConfigurationName = Release;
		};
/* End XCConfigurationList section */

/* Begin XCVersionGroup section */
		1865FB3C25CABC1700A8265F /* CoreDateTutorial.xcdatamodeld */ = {
			isa = XCVersionGroup;
			children = (
				1865FB3D25CABC1700A8265F /* CoreDateTutorial.xcdatamodel */,
			);
			currentVersion = 1865FB3D25CABC1700A8265F /* CoreDateTutorial.xcdatamodel */;
			path = CoreDateTutorial.xcdatamodeld;
			sourceTree = "<group>";
			versionGroupType = wrapper.xcdatamodel;
		};
/* End XCVersionGroup section */
	};
	rootObject = 1865FB2625CABC1600A8265F /* Project object */;
}
